
Microsoft Visual Studio Solution File, Format Version 12.00
# Visual Studio Version 17
VisualStudioVersion = 17.7.34221.43
MinimumVisualStudioVersion = 10.0.40219.1
Project("{FAE04EC0-301F-11D3-BF4B-00C04F79EFBC}") = "BookStore", "BookStore\BookStore.csproj", "{8D9C73BA-656F-44E4-84AE-277DCB14FC23}"
EndProject
Project("{FAE04EC0-301F-11D3-BF4B-00C04F79EFBC}") = "BooKStore.Models", "BooKStore.Models\BooKStore.Models.csproj", "{323F7332-E396-4A01-B5C3-1CBE12AC7A3A}"
EndProject
Project("{FAE04EC0-301F-11D3-BF4B-00C04F79EFBC}") = "BooKStore.Repository", "BooKStore.Repository\BooKStore.Repository.csproj", "{144C398A-76FA-431D-8529-469A88AEF777}"
EndProject
Global
	GlobalSection(SolutionConfigurationPlatforms) = preSolution
		Debug|Any CPU = Debug|Any CPU
		Release|Any CPU = Release|Any CPU
	EndGlobalSection
	GlobalSection(ProjectConfigurationPlatforms) = postSolution
		{8D9C73BA-656F-44E4-84AE-277DCB14FC23}.Debug|Any CPU.ActiveCfg = Debug|Any CPU
		{8D9C73BA-656F-44E4-84AE-277DCB14FC23}.Debug|Any CPU.Build.0 = Debug|Any CPU
		{8D9C73BA-656F-44E4-84AE-277DCB14FC23}.Release|Any CPU.ActiveCfg = Release|Any CPU
		{8D9C73BA-656F-44E4-84AE-277DCB14FC23}.Release|Any CPU.Build.0 = Release|Any CPU
		{323F7332-E396-4A01-B5C3-1CBE12AC7A3A}.Debug|Any CPU.ActiveCfg = Debug|Any CPU
		{323F7332-E396-4A01-B5C3-1CBE12AC7A3A}.Debug|Any CPU.Build.0 = Debug|Any CPU
		{323F7332-E396-4A01-B5C3-1CBE12AC7A3A}.Release|Any CPU.ActiveCfg = Release|Any CPU
		{323F7332-E396-4A01-B5C3-1CBE12AC7A3A}.Release|Any CPU.Build.0 = Release|Any CPU
		{144C398A-76FA-431D-8529-469A88AEF777}.Debug|Any CPU.ActiveCfg = Debug|Any CPU
		{144C398A-76FA-431D-8529-469A88AEF777}.Debug|Any CPU.Build.0 = Debug|Any CPU
		{144C398A-76FA-431D-8529-469A88AEF777}.Release|Any CPU.ActiveCfg = Release|Any CPU
		{144C398A-76FA-431D-8529-469A88AEF777}.Release|Any CPU.Build.0 = Release|Any CPU
	EndGlobalSection
	GlobalSection(SolutionProperties) = preSolution
		HideSolutionNode = FALSE
	EndGlobalSection
	GlobalSection(ExtensibilityGlobals) = postSolution
		SolutionGuid = {7C990993-D819-45FA-A1D4-D3980FD632AE}
	EndGlobalSection
EndGlobal
